
Microsoft Visual Studio Solution File, Format Version 12.00
# Visual Studio Version 17
VisualStudioVersion = 17.14.36310.24 d17.14
MinimumVisualStudioVersion = 10.0.40219.1
Project("{FAE04EC0-301F-11D3-BF4B-00C04F79EFBC}") = "ShutdownTimer", "ShutdownTimer.csproj", "{69C562FE-5D2B-4FB7-AA33-FBD3EE76B9A7}"
EndProject
Global
	GlobalSection(SolutionConfigurationPlatforms) = preSolution
		Debug|Any CPU = Debug|Any CPU
		Release|Any CPU = Release|Any CPU
	EndGlobalSection
	GlobalSection(ProjectConfigurationPlatforms) = postSolution
		{69C562FE-5D2B-4FB7-AA33-FBD3EE76B9A7}.Debug|Any CPU.ActiveCfg = Debug|Any CPU
		{69C562FE-5D2B-4FB7-AA33-FBD3EE76B9A7}.Debug|Any CPU.Build.0 = Debug|Any CPU
		{69C562FE-5D2B-4FB7-AA33-FBD3EE76B9A7}.Release|Any CPU.ActiveCfg = Release|Any CPU
		{69C562FE-5D2B-4FB7-AA33-FBD3EE76B9A7}.Release|Any CPU.Build.0 = Release|Any CPU
	EndGlobalSection
	GlobalSection(SolutionProperties) = preSolution
		HideSolutionNode = FALSE
	EndGlobalSection
	GlobalSection(ExtensibilityGlobals) = postSolution
		SolutionGuid = {252B5789-C03A-4463-A028-6BC54C6EECF1}
	EndGlobalSection
EndGlobal
